// !$*UTF8*$!
{
	archiveVersion = 1;
	classes = {
	};
	objectVersion = 50;
	objects = {

/* Begin PBXBuildFile section */
		521979E82169A29A0093BBC5 /* MapKit.framework in Frameworks */ = {isa = PBXBuildFile; fileRef = 521979E72169A29A0093BBC5 /* MapKit.framework */; };
		521979EA2169A3EC0093BBC5 /* Place.swift in Sources */ = {isa = PBXBuildFile; fileRef = 521979E92169A3EC0093BBC5 /* Place.swift */; };
		52EC584C215DE7BE00E20C6F /* AppDelegate.swift in Sources */ = {isa = PBXBuildFile; fileRef = 52EC584B215DE7BE00E20C6F /* AppDelegate.swift */; };
		52EC584E215DE7BE00E20C6F /* ViewController.swift in Sources */ = {isa = PBXBuildFile; fileRef = 52EC584D215DE7BE00E20C6F /* ViewController.swift */; };
		52EC5851215DE7BE00E20C6F /* Main.storyboard in Resources */ = {isa = PBXBuildFile; fileRef = 52EC584F215DE7BE00E20C6F /* Main.storyboard */; };
		52EC5853215DE7C000E20C6F /* Assets.xcassets in Resources */ = {isa = PBXBuildFile; fileRef = 52EC5852215DE7C000E20C6F /* Assets.xcassets */; };
		52EC5856215DE7C000E20C6F /* LaunchScreen.storyboard in Resources */ = {isa = PBXBuildFile; fileRef = 52EC5854215DE7C000E20C6F /* LaunchScreen.storyboard */; };
		52EC5861215DE7C000E20C6F /* LocationServiceTests.swift in Sources */ = {isa = PBXBuildFile; fileRef = 52EC5860215DE7C000E20C6F /* LocationServiceTests.swift */; };
		52EC586C215DE7C000E20C6F /* LocationServiceUITests.swift in Sources */ = {isa = PBXBuildFile; fileRef = 52EC586B215DE7C000E20C6F /* LocationServiceUITests.swift */; };
/* End PBXBuildFile section */

/* Begin PBXContainerItemProxy section */
		52EC585D215DE7C000E20C6F /* PBXContainerItemProxy */ = {
			isa = PBXContainerItemProxy;
			containerPortal = 52EC5840215DE7BE00E20C6F /* Project object */;
			proxyType = 1;
			remoteGlobalIDString = 52EC5847215DE7BE00E20C6F;
			remoteInfo = LocationService;
		};
		52EC5868215DE7C000E20C6F /* PBXContainerItemProxy */ = {
			isa = PBXContainerItemProxy;
			containerPortal = 52EC5840215DE7BE00E20C6F /* Project object */;
			proxyType = 1;
			remoteGlobalIDString = 52EC5847215DE7BE00E20C6F;
			remoteInfo = LocationService;
		};
/* End PBXContainerItemProxy section */

/* Begin PBXFileReference section */
		521979E72169A29A0093BBC5 /* MapKit.framework */ = {isa = PBXFileReference; lastKnownFileType = wrapper.framework; name = MapKit.framework; path = System/Library/Frameworks/MapKit.framework; sourceTree = SDKROOT; };
		521979E92169A3EC0093BBC5 /* Place.swift */ = {isa = PBXFileReference; lastKnownFileType = sourcecode.swift; path = Place.swift; sourceTree = "<group>"; };
		52EC5848215DE7BE00E20C6F /* LocationService.app */ = {isa = PBXFileReference; explicitFileType = wrapper.application; includeInIndex = 0; path = LocationService.app; sourceTree = BUILT_PRODUCTS_DIR; };
		52EC584B215DE7BE00E20C6F /* AppDelegate.swift */ = {isa = PBXFileReference; lastKnownFileType = sourcecode.swift; path = AppDelegate.swift; sourceTree = "<group>"; };
		52EC584D215DE7BE00E20C6F /* ViewController.swift */ = {isa = PBXFileReference; lastKnownFileType = sourcecode.swift; path = ViewController.swift; sourceTree = "<group>"; };
		52EC5850215DE7BE00E20C6F /* Base */ = {isa = PBXFileReference; lastKnownFileType = file.storyboard; name = Base; path = Base.lproj/Main.storyboard; sourceTree = "<group>"; };
		52EC5852215DE7C000E20C6F /* Assets.xcassets */ = {isa = PBXFileReference; lastKnownFileType = folder.assetcatalog; path = Assets.xcassets; sourceTree = "<group>"; };
		52EC5855215DE7C000E20C6F /* Base */ = {isa = PBXFileReference; lastKnownFileType = file.storyboard; name = Base; path = Base.lproj/LaunchScreen.storyboard; sourceTree = "<group>"; };
		52EC5857215DE7C000E20C6F /* Info.plist */ = {isa = PBXFileReference; lastKnownFileType = text.plist.xml; path = Info.plist; sourceTree = "<group>"; };
		52EC585C215DE7C000E20C6F /* LocationServiceTests.xctest */ = {isa = PBXFileReference; explicitFileType = wrapper.cfbundle; includeInIndex = 0; path = LocationServiceTests.xctest; sourceTree = BUILT_PRODUCTS_DIR; };
		52EC5860215DE7C000E20C6F /* LocationServiceTests.swift */ = {isa = PBXFileReference; lastKnownFileType = sourcecode.swift; path = LocationServiceTests.swift; sourceTree = "<group>"; };
		52EC5862215DE7C000E20C6F /* Info.plist */ = {isa = PBXFileReference; lastKnownFileType = text.plist.xml; path = Info.plist; sourceTree = "<group>"; };
		52EC5867215DE7C000E20C6F /* LocationServiceUITests.xctest */ = {isa = PBXFileReference; explicitFileType = wrapper.cfbundle; includeInIndex = 0; path = LocationServiceUITests.xctest; sourceTree = BUILT_PRODUCTS_DIR; };
		52EC586B215DE7C000E20C6F /* LocationServiceUITests.swift */ = {isa = PBXFileReference; lastKnownFileType = sourcecode.swift; path = LocationServiceUITests.swift; sourceTree = "<group>"; };
		52EC586D215DE7C000E20C6F /* Info.plist */ = {isa = PBXFileReference; lastKnownFileType = text.plist.xml; path = Info.plist; sourceTree = "<group>"; };
/* End PBXFileReference section */

/* Begin PBXFrameworksBuildPhase section */
		52EC5845215DE7BE00E20C6F /* Frameworks */ = {
			isa = PBXFrameworksBuildPhase;
			buildActionMask = 2147483647;
			files = (
				521979E82169A29A0093BBC5 /* MapKit.framework in Frameworks */,
			);
			runOnlyForDeploymentPostprocessing = 0;
		};
		52EC5859215DE7C000E20C6F /* Frameworks */ = {
			isa = PBXFrameworksBuildPhase;
			buildActionMask = 2147483647;
			files = (
			);
			runOnlyForDeploymentPostprocessing = 0;
		};
		52EC5864215DE7C000E20C6F /* Frameworks */ = {
			isa = PBXFrameworksBuildPhase;
			buildActionMask = 2147483647;
			files = (
			);
			runOnlyForDeploymentPostprocessing = 0;
		};
/* End PBXFrameworksBuildPhase section */

/* Begin PBXGroup section */
		521979E62169A2990093BBC5 /* Frameworks */ = {
			isa = PBXGroup;
			children = (
				521979E72169A29A0093BBC5 /* MapKit.framework */,
			);
			name = Frameworks;
			sourceTree = "<group>";
		};
		52EC583F215DE7BE00E20C6F = {
			isa = PBXGroup;
			children = (
				52EC584A215DE7BE00E20C6F /* LocationService */,
				52EC585F215DE7C000E20C6F /* LocationServiceTests */,
				52EC586A215DE7C000E20C6F /* LocationServiceUITests */,
				52EC5849215DE7BE00E20C6F /* Products */,
				521979E62169A2990093BBC5 /* Frameworks */,
			);
			sourceTree = "<group>";
		};
		52EC5849215DE7BE00E20C6F /* Products */ = {
			isa = PBXGroup;
			children = (
				52EC5848215DE7BE00E20C6F /* LocationService.app */,
				52EC585C215DE7C000E20C6F /* LocationServiceTests.xctest */,
				52EC5867215DE7C000E20C6F /* LocationServiceUITests.xctest */,
			);
			name = Products;
			sourceTree = "<group>";
		};
		52EC584A215DE7BE00E20C6F /* LocationService */ = {
			isa = PBXGroup;
			children = (
				52EC584B215DE7BE00E20C6F /* AppDelegate.swift */,
				52EC584D215DE7BE00E20C6F /* ViewController.swift */,
				52EC584F215DE7BE00E20C6F /* Main.storyboard */,
				521979E92169A3EC0093BBC5 /* Place.swift */,
				52EC5852215DE7C000E20C6F /* Assets.xcassets */,
				52EC5854215DE7C000E20C6F /* LaunchScreen.storyboard */,
				52EC5857215DE7C000E20C6F /* Info.plist */,
			);
			path = LocationService;
			sourceTree = "<group>";
		};
		52EC585F215DE7C000E20C6F /* LocationServiceTests */ = {
			isa = PBXGroup;
			children = (
				52EC5860215DE7C000E20C6F /* LocationServiceTests.swift */,
				52EC5862215DE7C000E20C6F /* Info.plist */,
			);
			path = LocationServiceTests;
			sourceTree = "<group>";
		};
		52EC586A215DE7C000E20C6F /* LocationServiceUITests */ = {
			isa = PBXGroup;
			children = (
				52EC586B215DE7C000E20C6F /* LocationServiceUITests.swift */,
				52EC586D215DE7C000E20C6F /* Info.plist */,
			);
			path = LocationServiceUITests;
			sourceTree = "<group>";
		};
/* End PBXGroup section */

/* Begin PBXNativeTarget section */
		52EC5847215DE7BE00E20C6F /* LocationService */ = {
			isa = PBXNativeTarget;
			buildConfigurationList = 52EC5870215DE7C000E20C6F /* Build configuration list for PBXNativeTarget "LocationService" */;
			buildPhases = (
				52EC5844215DE7BE00E20C6F /* Sources */,
				52EC5845215DE7BE00E20C6F /* Frameworks */,
				52EC5846215DE7BE00E20C6F /* Resources */,
			);
			buildRules = (
			);
			dependencies = (
			);
			name = LocationService;
			productName = LocationService;
			productReference = 52EC5848215DE7BE00E20C6F /* LocationService.app */;
			productType = "com.apple.product-type.application";
		};
		52EC585B215DE7C000E20C6F /* LocationServiceTests */ = {
			isa = PBXNativeTarget;
			buildConfigurationList = 52EC5873215DE7C000E20C6F /* Build configuration list for PBXNativeTarget "LocationServiceTests" */;
			buildPhases = (
				52EC5858215DE7C000E20C6F /* Sources */,
				52EC5859215DE7C000E20C6F /* Frameworks */,
				52EC585A215DE7C000E20C6F /* Resources */,
			);
			buildRules = (
			);
			dependencies = (
				52EC585E215DE7C000E20C6F /* PBXTargetDependency */,
			);
			name = LocationServiceTests;
			productName = LocationServiceTests;
			productReference = 52EC585C215DE7C000E20C6F /* LocationServiceTests.xctest */;
			productType = "com.apple.product-type.bundle.unit-test";
		};
		52EC5866215DE7C000E20C6F /* LocationServiceUITests */ = {
			isa = PBXNativeTarget;
			buildConfigurationList = 52EC5876215DE7C000E20C6F /* Build configuration list for PBXNativeTarget "LocationServiceUITests" */;
			buildPhases = (
				52EC5863215DE7C000E20C6F /* Sources */,
				52EC5864215DE7C000E20C6F /* Frameworks */,
				52EC5865215DE7C000E20C6F /* Resources */,
			);
			buildRules = (
			);
			dependencies = (
				52EC5869215DE7C000E20C6F /* PBXTargetDependency */,
			);
			name = LocationServiceUITests;
			productName = LocationServiceUITests;
			productReference = 52EC5867215DE7C000E20C6F /* LocationServiceUITests.xctest */;
			productType = "com.apple.product-type.bundle.ui-testing";
		};
/* End PBXNativeTarget section */

/* Begin PBXProject section */
		52EC5840215DE7BE00E20C6F /* Project object */ = {
			isa = PBXProject;
			attributes = {
				LastSwiftUpdateCheck = 1000;
				LastUpgradeCheck = 1000;
				ORGANIZATIONNAME = "Liuxuan Huang";
				TargetAttributes = {
					52EC5847215DE7BE00E20C6F = {
						CreatedOnToolsVersion = 10.0;
						SystemCapabilities = {
							com.apple.Maps.iOS = {
								enabled = 1;
							};
						};
					};
					52EC585B215DE7C000E20C6F = {
						CreatedOnToolsVersion = 10.0;
						TestTargetID = 52EC5847215DE7BE00E20C6F;
					};
					52EC5866215DE7C000E20C6F = {
						CreatedOnToolsVersion = 10.0;
						TestTargetID = 52EC5847215DE7BE00E20C6F;
					};
				};
			};
			buildConfigurationList = 52EC5843215DE7BE00E20C6F /* Build configuration list for PBXProject "LocationService" */;
			compatibilityVersion = "Xcode 9.3";
			developmentRegion = en;
			hasScannedForEncodings = 0;
			knownRegions = (
				en,
				Base,
			);
			mainGroup = 52EC583F215DE7BE00E20C6F;
			productRefGroup = 52EC5849215DE7BE00E20C6F /* Products */;
			projectDirPath = "";
			projectRoot = "";
			targets = (
				52EC5847215DE7BE00E20C6F /* LocationService */,
				52EC585B215DE7C000E20C6F /* LocationServiceTests */,
				52EC5866215DE7C000E20C6F /* LocationServiceUITests */,
			);
		};
/* End PBXProject section */

/* Begin PBXResourcesBuildPhase section */
		52EC5846215DE7BE00E20C6F /* Resources */ = {
			isa = PBXResourcesBuildPhase;
			buildActionMask = 2147483647;
			files = (
				52EC5856215DE7C000E20C6F /* LaunchScreen.storyboard in Resources */,
				52EC5853215DE7C000E20C6F /* Assets.xcassets in Resources */,
				52EC5851215DE7BE00E20C6F /* Main.storyboard in Resources */,
			);
			runOnlyForDeploymentPostprocessing = 0;
		};
		52EC585A215DE7C000E20C6F /* Resources */ = {
			isa = PBXResourcesBuildPhase;
			buildActionMask = 2147483647;
			files = (
			);
			runOnlyForDeploymentPostprocessing = 0;
		};
		52EC5865215DE7C000E20C6F /* Resources */ = {
			isa = PBXResourcesBuildPhase;
			buildActionMask = 2147483647;
			files = (
			);
			runOnlyForDeploymentPostprocessing = 0;
		};
/* End PBXResourcesBuildPhase section */

/* Begin PBXSourcesBuildPhase section */
		52EC5844215DE7BE00E20C6F /* Sources */ = {
			isa = PBXSourcesBuildPhase;
			buildActionMask = 2147483647;
			files = (
				521979EA2169A3EC0093BBC5 /* Place.swift in Sources */,
				52EC584E215DE7BE00E20C6F /* ViewController.swift in Sources */,
				52EC584C215DE7BE00E20C6F /* AppDelegate.swift in Sources */,
			);
			runOnlyForDeploymentPostprocessing = 0;
		};
		52EC5858215DE7C000E20C6F /* Sources */ = {
			isa = PBXSourcesBuildPhase;
			buildActionMask = 2147483647;
			files = (
				52EC5861215DE7C000E20C6F /* LocationServiceTests.swift in Sources */,
			);
			runOnlyForDeploymentPostprocessing = 0;
		};
		52EC5863215DE7C000E20C6F /* Sources */ = {
			isa = PBXSourcesBuildPhase;
			buildActionMask = 2147483647;
			files = (
				52EC586C215DE7C000E20C6F /* LocationServiceUITests.swift in Sources */,
			);
			runOnlyForDeploymentPostprocessing = 0;
		};
/* End PBXSourcesBuildPhase section */

/* Begin PBXTargetDependency section */
		52EC585E215DE7C000E20C6F /* PBXTargetDependency */ = {
			isa = PBXTargetDependency;
			target = 52EC5847215DE7BE00E20C6F /* LocationService */;
			targetProxy = 52EC585D215DE7C000E20C6F /* PBXContainerItemProxy */;
		};
		52EC5869215DE7C000E20C6F /* PBXTargetDependency */ = {
			isa = PBXTargetDependency;
			target = 52EC5847215DE7BE00E20C6F /* LocationService */;
			targetProxy = 52EC5868215DE7C000E20C6F /* PBXContainerItemProxy */;
		};
/* End PBXTargetDependency section */

/* Begin PBXVariantGroup section */
		52EC584F215DE7BE00E20C6F /* Main.storyboard */ = {
			isa = PBXVariantGroup;
			children = (
				52EC5850215DE7BE00E20C6F /* Base */,
			);
			name = Main.storyboard;
			sourceTree = "<group>";
		};
		52EC5854215DE7C000E20C6F /* LaunchScreen.storyboard */ = {
			isa = PBXVariantGroup;
			children = (
				52EC5855215DE7C000E20C6F /* Base */,
			);
			name = LaunchScreen.storyboard;
			sourceTree = "<group>";
		};
/* End PBXVariantGroup section */

/* Begin XCBuildConfiguration section */
		52EC586E215DE7C000E20C6F /* Debug */ = {
			isa = XCBuildConfiguration;
			buildSettings = {
				ALWAYS_SEARCH_USER_PATHS = NO;
				CLANG_ANALYZER_NONNULL = YES;
				CLANG_ANALYZER_NUMBER_OBJECT_CONVERSION = YES_AGGRESSIVE;
				CLANG_CXX_LANGUAGE_STANDARD = "gnu++14";
				CLANG_CXX_LIBRARY = "libc++";
				CLANG_ENABLE_MODULES = YES;
				CLANG_ENABLE_OBJC_ARC = YES;
				CLANG_ENABLE_OBJC_WEAK = YES;
				CLANG_WARN_BLOCK_CAPTURE_AUTORELEASING = YES;
				CLANG_WARN_BOOL_CONVERSION = YES;
				CLANG_WARN_COMMA = YES;
				CLANG_WARN_CONSTANT_CONVERSION = YES;
				CLANG_WARN_DEPRECATED_OBJC_IMPLEMENTATIONS = YES;
				CLANG_WARN_DIRECT_OBJC_ISA_USAGE = YES_ERROR;
				CLANG_WARN_DOCUMENTATION_COMMENTS = YES;
				CLANG_WARN_EMPTY_BODY = YES;
				CLANG_WARN_ENUM_CONVERSION = YES;
				CLANG_WARN_INFINITE_RECURSION = YES;
				CLANG_WARN_INT_CONVERSION = YES;
				CLANG_WARN_NON_LITERAL_NULL_CONVERSION = YES;
				CLANG_WARN_OBJC_IMPLICIT_RETAIN_SELF = YES;
				CLANG_WARN_OBJC_LITERAL_CONVERSION = YES;
				CLANG_WARN_OBJC_ROOT_CLASS = YES_ERROR;
				CLANG_WARN_RANGE_LOOP_ANALYSIS = YES;
				CLANG_WARN_STRICT_PROTOTYPES = YES;
				CLANG_WARN_SUSPICIOUS_MOVE = YES;
				CLANG_WARN_UNGUARDED_AVAILABILITY = YES_AGGRESSIVE;
				CLANG_WARN_UNREACHABLE_CODE = YES;
				CLANG_WARN__DUPLICATE_METHOD_MATCH = YES;
				CODE_SIGN_IDENTITY = "iPhone Developer";
				COPY_PHASE_STRIP = NO;
				DEBUG_INFORMATION_FORMAT = dwarf;
				ENABLE_STRICT_OBJC_MSGSEND = YES;
				ENABLE_TESTABILITY = YES;
				GCC_C_LANGUAGE_STANDARD = gnu11;
				GCC_DYNAMIC_NO_PIC = NO;
				GCC_NO_COMMON_BLOCKS = YES;
				GCC_OPTIMIZATION_LEVEL = 0;
				GCC_PREPROCESSOR_DEFINITIONS = (
					"DEBUG=1",
					"$(inherited)",
				);
				GCC_WARN_64_TO_32_BIT_CONVERSION = YES;
				GCC_WARN_ABOUT_RETURN_TYPE = YES_ERROR;
				GCC_WARN_UNDECLARED_SELECTOR = YES;
				GCC_WARN_UNINITIALIZED_AUTOS = YES_AGGRESSIVE;
				GCC_WARN_UNUSED_FUNCTION = YES;
				GCC_WARN_UNUSED_VARIABLE = YES;
				IPHONEOS_DEPLOYMENT_TARGET = 12.0;
				MTL_ENABLE_DEBUG_INFO = INCLUDE_SOURCE;
				MTL_FAST_MATH = YES;
				ONLY_ACTIVE_ARCH = YES;
				SDKROOT = iphoneos;
				SWIFT_ACTIVE_COMPILATION_CONDITIONS = DEBUG;
				SWIFT_OPTIMIZATION_LEVEL = "-Onone";
			};
			name = Debug;
		};
		52EC586F215DE7C000E20C6F /* Release */ = {
			isa = XCBuildConfiguration;
			buildSettings = {
				ALWAYS_SEARCH_USER_PATHS = NO;
				CLANG_ANALYZER_NONNULL = YES;
				CLANG_ANALYZER_NUMBER_OBJECT_CONVERSION = YES_AGGRESSIVE;
				CLANG_CXX_LANGUAGE_STANDARD = "gnu++14";
				CLANG_CXX_LIBRARY = "libc++";
				CLANG_ENABLE_MODULES = YES;
				CLANG_ENABLE_OBJC_ARC = YES;
				CLANG_ENABLE_OBJC_WEAK = YES;
				CLANG_WARN_BLOCK_CAPTURE_AUTORELEASING = YES;
				CLANG_WARN_BOOL_CONVERSION = YES;
				CLANG_WARN_COMMA = YES;
				CLANG_WARN_CONSTANT_CONVERSION = YES;
				CLANG_WARN_DEPRECATED_OBJC_IMPLEMENTATIONS = YES;
				CLANG_WARN_DIRECT_OBJC_ISA_USAGE = YES_ERROR;
				CLANG_WARN_DOCUMENTATION_COMMENTS = YES;
				CLANG_WARN_EMPTY_BODY = YES;
				CLANG_WARN_ENUM_CONVERSION = YES;
				CLANG_WARN_INFINITE_RECURSION = YES;
				CLANG_WARN_INT_CONVERSION = YES;
				CLANG_WARN_NON_LITERAL_NULL_CONVERSION = YES;
				CLANG_WARN_OBJC_IMPLICIT_RETAIN_SELF = YES;
				CLANG_WARN_OBJC_LITERAL_CONVERSION = YES;
				CLANG_WARN_OBJC_ROOT_CLASS = YES_ERROR;
				CLANG_WARN_RANGE_LOOP_ANALYSIS = YES;
				CLANG_WARN_STRICT_PROTOTYPES = YES;
				CLANG_WARN_SUSPICIOUS_MOVE = YES;
				CLANG_WARN_UNGUARDED_AVAILABILITY = YES_AGGRESSIVE;
				CLANG_WARN_UNREACHABLE_CODE = YES;
				CLANG_WARN__DUPLICATE_METHOD_MATCH = YES;
				CODE_SIGN_IDENTITY = "iPhone Developer";
				COPY_PHASE_STRIP = NO;
				DEBUG_INFORMATION_FORMAT = "dwarf-with-dsym";
				ENABLE_NS_ASSERTIONS = NO;
				ENABLE_STRICT_OBJC_MSGSEND = YES;
				GCC_C_LANGUAGE_STANDARD = gnu11;
				GCC_NO_COMMON_BLOCKS = YES;
				GCC_WARN_64_TO_32_BIT_CONVERSION = YES;
				GCC_WARN_ABOUT_RETURN_TYPE = YES_ERROR;
				GCC_WARN_UNDECLARED_SELECTOR = YES;
				GCC_WARN_UNINITIALIZED_AUTOS = YES_AGGRESSIVE;
				GCC_WARN_UNUSED_FUNCTION = YES;
				GCC_WARN_UNUSED_VARIABLE = YES;
				IPHONEOS_DEPLOYMENT_TARGET = 12.0;
				MTL_ENABLE_DEBUG_INFO = NO;
				MTL_FAST_MATH = YES;
				SDKROOT = iphoneos;
				SWIFT_COMPILATION_MODE = wholemodule;
				SWIFT_OPTIMIZATION_LEVEL = "-O";
				VALIDATE_PRODUCT = YES;
			};
			name = Release;
		};
		52EC5871215DE7C000E20C6F /* Debug */ = {
			isa = XCBuildConfiguration;
			buildSettings = {
				ASSETCATALOG_COMPILER_APPICON_NAME = AppIcon;
				CODE_SIGN_STYLE = Automatic;
				INFOPLIST_FILE = LocationService/Info.plist;
				LD_RUNPATH_SEARCH_PATHS = (
					"$(inherited)",
					"@executable_path/Frameworks",
				);
				PRODUCT_BUNDLE_IDENTIFIER = Liuxuan.LocationService;
				PRODUCT_NAME = "$(TARGET_NAME)";
				SWIFT_VERSION = 4.2;
				TARGETED_DEVICE_FAMILY = "1,2";
			};
			name = Debug;
		};
		52EC5872215DE7C000E20C6F /* Release */ = {
			isa = XCBuildConfiguration;
			buildSettings = {
				ASSETCATALOG_COMPILER_APPICON_NAME = AppIcon;
				CODE_SIGN_STYLE = Automatic;
				INFOPLIST_FILE = LocationService/Info.plist;
				LD_RUNPATH_SEARCH_PATHS = (
					"$(inherited)",
					"@executable_path/Frameworks",
				);
				PRODUCT_BUNDLE_IDENTIFIER = Liuxuan.LocationService;
				PRODUCT_NAME = "$(TARGET_NAME)";
				SWIFT_VERSION = 4.2;
				TARGETED_DEVICE_FAMILY = "1,2";
			};
			name = Release;
		};
		52EC5874215DE7C000E20C6F /* Debug */ = {
			isa = XCBuildConfiguration;
			buildSettings = {
				ALWAYS_EMBED_SWIFT_STANDARD_LIBRARIES = YES;
				BUNDLE_LOADER = "$(TEST_HOST)";
				CODE_SIGN_STYLE = Automatic;
				INFOPLIST_FILE = LocationServiceTests/Info.plist;
				LD_RUNPATH_SEARCH_PATHS = (
					"$(inherited)",
					"@executable_path/Frameworks",
					"@loader_path/Frameworks",
				);
				PRODUCT_BUNDLE_IDENTIFIER = Liuxuan.LocationServiceTests;
				PRODUCT_NAME = "$(TARGET_NAME)";
				SWIFT_VERSION = 4.2;
				TARGETED_DEVICE_FAMILY = "1,2";
				TEST_HOST = "$(BUILT_PRODUCTS_DIR)/LocationService.app/LocationService";
			};
			name = Debug;
		};
		52EC5875215DE7C000E20C6F /* Release */ = {
			isa = XCBuildConfiguration;
			buildSettings = {
				ALWAYS_EMBED_SWIFT_STANDARD_LIBRARIES = YES;
				BUNDLE_LOADER = "$(TEST_HOST)";
				CODE_SIGN_STYLE = Automatic;
				INFOPLIST_FILE = LocationServiceTests/Info.plist;
				LD_RUNPATH_SEARCH_PATHS = (
					"$(inherited)",
					"@executable_path/Frameworks",
					"@loader_path/Frameworks",
				);
				PRODUCT_BUNDLE_IDENTIFIER = Liuxuan.LocationServiceTests;
				PRODUCT_NAME = "$(TARGET_NAME)";
				SWIFT_VERSION = 4.2;
				TARGETED_DEVICE_FAMILY = "1,2";
				TEST_HOST = "$(BUILT_PRODUCTS_DIR)/LocationService.app/LocationService";
			};
			name = Release;
		};
		52EC5877215DE7C000E20C6F /* Debug */ = {
			isa = XCBuildConfiguration;
			buildSettings = {
				ALWAYS_EMBED_SWIFT_STANDARD_LIBRARIES = YES;
				CODE_SIGN_STYLE = Automatic;
				INFOPLIST_FILE = LocationServiceUITests/Info.plist;
				LD_RUNPATH_SEARCH_PATHS = (
					"$(inherited)",
					"@executable_path/Frameworks",
					"@loader_path/Frameworks",
				);
				PRODUCT_BUNDLE_IDENTIFIER = Liuxuan.LocationServiceUITests;
				PRODUCT_NAME = "$(TARGET_NAME)";
				SWIFT_VERSION = 4.2;
				TARGETED_DEVICE_FAMILY = "1,2";
				TEST_TARGET_NAME = LocationService;
			};
			name = Debug;
		};
		52EC5878215DE7C000E20C6F /* Release */ = {
			isa = XCBuildConfiguration;
			buildSettings = {
				ALWAYS_EMBED_SWIFT_STANDARD_LIBRARIES = YES;
				CODE_SIGN_STYLE = Automatic;
				INFOPLIST_FILE = LocationServiceUITests/Info.plist;
				LD_RUNPATH_SEARCH_PATHS = (
					"$(inherited)",
					"@executable_path/Frameworks",
					"@loader_path/Frameworks",
				);
				PRODUCT_BUNDLE_IDENTIFIER = Liuxuan.LocationServiceUITests;
				PRODUCT_NAME = "$(TARGET_NAME)";
				SWIFT_VERSION = 4.2;
				TARGETED_DEVICE_FAMILY = "1,2";
				TEST_TARGET_NAME = LocationService;
			};
			name = Release;
		};
/* End XCBuildConfiguration section */

/* Begin XCConfigurationList section */
		52EC5843215DE7BE00E20C6F /* Build configuration list for PBXProject "LocationService" */ = {
			isa = XCConfigurationList;
			buildConfigurations = (
				52EC586E215DE7C000E20C6F /* Debug */,
				52EC586F215DE7C000E20C6F /* Release */,
			);
			defaultConfigurationIsVisible = 0;
			defaultConfigurationName = Release;
		};
		52EC5870215DE7C000E20C6F /* Build configuration list for PBXNativeTarget "LocationService" */ = {
			isa = XCConfigurationList;
			buildConfigurations = (
				52EC5871215DE7C000E20C6F /* Debug */,
				52EC5872215DE7C000E20C6F /* Release */,
			);
			defaultConfigurationIsVisible = 0;
			defaultConfigurationName = Release;
		};
		52EC5873215DE7C000E20C6F /* Build configuration list for PBXNativeTarget "LocationServiceTests" */ = {
			isa = XCConfigurationList;
			buildConfigurations = (
				52EC5874215DE7C000E20C6F /* Debug */,
				52EC5875215DE7C000E20C6F /* Release */,
			);
			defaultConfigurationIsVisible = 0;
			defaultConfigurationName = Release;
		};
		52EC5876215DE7C000E20C6F /* Build configuration list for PBXNativeTarget "LocationServiceUITests" */ = {
			isa = XCConfigurationList;
			buildConfigurations = (
				52EC5877215DE7C000E20C6F /* Debug */,
				52EC5878215DE7C000E20C6F /* Release */,
			);
			defaultConfigurationIsVisible = 0;
			defaultConfigurationName = Release;
		};
/* End XCConfigurationList section */
	};
	rootObject = 52EC5840215DE7BE00E20C6F /* Project object */;
}
